// !$*UTF8*$!
{
	archiveVersion = 1;
	classes = {
	};
	objectVersion = 48;
	objects = {

/* Begin PBXBuildFile section */
		A41B0B5E1FE60A2E006C820A /* ATEmotionManager.swift in Sources */ = {isa = PBXBuildFile; fileRef = A41B0B5D1FE60A2E006C820A /* ATEmotionManager.swift */; };
		A41B0B5F1FE6999B006C820A /* QMUI_QQEmotion.bundle in Resources */ = {isa = PBXBuildFile; fileRef = A41B0B5B1FE41BEB006C820A /* QMUI_QQEmotion.bundle */; };
		A4228E911FEA078900F28775 /* String+Kinetic.swift in Sources */ = {isa = PBXBuildFile; fileRef = A4228E901FEA078900F28775 /* String+Kinetic.swift */; };
		A446C78A1FEB801700BC9CC9 /* UIImage+Kinetic.swift in Sources */ = {isa = PBXBuildFile; fileRef = A446C7891FEB801700BC9CC9 /* UIImage+Kinetic.swift */; };
		A446C78B1FEB8CDA00BC9CC9 /* EmotionsStore.bundle in Resources */ = {isa = PBXBuildFile; fileRef = A4228ECC1FEA56C700F28775 /* EmotionsStore.bundle */; };
		A44F69F01FE94586004660A6 /* Kinetic.swift in Sources */ = {isa = PBXBuildFile; fileRef = A44F69EE1FE94464004660A6 /* Kinetic.swift */; };
		A44F69F11FE94586004660A6 /* UITextField+Kinetic.swift in Sources */ = {isa = PBXBuildFile; fileRef = A44F69EF1FE94464004660A6 /* UITextField+Kinetic.swift */; };
		A45DA5F81FE9F48000283D1D /* NSString+Kinetic.swift in Sources */ = {isa = PBXBuildFile; fileRef = A45DA5F71FE9F48000283D1D /* NSString+Kinetic.swift */; };
		A4A905F81FEB5B9B007C358A /* StoreEmotionManager.swift in Sources */ = {isa = PBXBuildFile; fileRef = A4A905F71FEB5B9A007C358A /* StoreEmotionManager.swift */; };
		A4C3B98D1FDD43EC008AB90D /* AppDelegate.swift in Sources */ = {isa = PBXBuildFile; fileRef = A4C3B98C1FDD43EC008AB90D /* AppDelegate.swift */; };
		A4C3B98F1FDD43EC008AB90D /* ViewController.swift in Sources */ = {isa = PBXBuildFile; fileRef = A4C3B98E1FDD43EC008AB90D /* ViewController.swift */; };
		A4C3B9921FDD43EC008AB90D /* Main.storyboard in Resources */ = {isa = PBXBuildFile; fileRef = A4C3B9901FDD43EC008AB90D /* Main.storyboard */; };
		A4C3B9941FDD43EC008AB90D /* Assets.xcassets in Resources */ = {isa = PBXBuildFile; fileRef = A4C3B9931FDD43EC008AB90D /* Assets.xcassets */; };
		A4C3B9971FDD43EC008AB90D /* LaunchScreen.storyboard in Resources */ = {isa = PBXBuildFile; fileRef = A4C3B9951FDD43EC008AB90D /* LaunchScreen.storyboard */; };
		A4C3B99F1FDD44F8008AB90D /* ATEmotionView.swift in Sources */ = {isa = PBXBuildFile; fileRef = A4C3B99E1FDD44F8008AB90D /* ATEmotionView.swift */; };
		A4C3B9A21FDD57C2008AB90D /* ATEmotionViewSettings.swift in Sources */ = {isa = PBXBuildFile; fileRef = A4C3B9A11FDD57C2008AB90D /* ATEmotionViewSettings.swift */; };
		A4C3B9A41FDD5B41008AB90D /* ATEmotionSettings.swift in Sources */ = {isa = PBXBuildFile; fileRef = A4C3B9A31FDD5B41008AB90D /* ATEmotionSettings.swift */; };
		A4C3B9A61FDD7AD8008AB90D /* Rect+Extension.swift in Sources */ = {isa = PBXBuildFile; fileRef = A4C3B9A51FDD7AD8008AB90D /* Rect+Extension.swift */; };
/* End PBXBuildFile section */

/* Begin PBXFileReference section */
		A41B0B5B1FE41BEB006C820A /* QMUI_QQEmotion.bundle */ = {isa = PBXFileReference; lastKnownFileType = "wrapper.plug-in"; path = QMUI_QQEmotion.bundle; sourceTree = "<group>"; };
		A41B0B5D1FE60A2E006C820A /* ATEmotionManager.swift */ = {isa = PBXFileReference; lastKnownFileType = sourcecode.swift; path = ATEmotionManager.swift; sourceTree = "<group>"; };
		A4228E901FEA078900F28775 /* String+Kinetic.swift */ = {isa = PBXFileReference; lastKnownFileType = sourcecode.swift; path = "String+Kinetic.swift"; sourceTree = "<group>"; };
		A4228ECC1FEA56C700F28775 /* EmotionsStore.bundle */ = {isa = PBXFileReference; lastKnownFileType = "wrapper.plug-in"; path = EmotionsStore.bundle; sourceTree = "<group>"; };
		A446C7891FEB801700BC9CC9 /* UIImage+Kinetic.swift */ = {isa = PBXFileReference; lastKnownFileType = sourcecode.swift; path = "UIImage+Kinetic.swift"; sourceTree = "<group>"; };
		A44F69EE1FE94464004660A6 /* Kinetic.swift */ = {isa = PBXFileReference; lastKnownFileType = sourcecode.swift; path = Kinetic.swift; sourceTree = "<group>"; };
		A44F69EF1FE94464004660A6 /* UITextField+Kinetic.swift */ = {isa = PBXFileReference; lastKnownFileType = sourcecode.swift; path = "UITextField+Kinetic.swift"; sourceTree = "<group>"; };
		A45DA5F71FE9F48000283D1D /* NSString+Kinetic.swift */ = {isa = PBXFileReference; lastKnownFileType = sourcecode.swift; path = "NSString+Kinetic.swift"; sourceTree = "<group>"; };
		A4A905F71FEB5B9A007C358A /* StoreEmotionManager.swift */ = {isa = PBXFileReference; lastKnownFileType = sourcecode.swift; path = StoreEmotionManager.swift; sourceTree = "<group>"; };
		A4C3B9891FDD43EC008AB90D /* EmoticonDemo.app */ = {isa = PBXFileReference; explicitFileType = wrapper.application; includeInIndex = 0; path = EmoticonDemo.app; sourceTree = BUILT_PRODUCTS_DIR; };
		A4C3B98C1FDD43EC008AB90D /* AppDelegate.swift */ = {isa = PBXFileReference; lastKnownFileType = sourcecode.swift; path = AppDelegate.swift; sourceTree = "<group>"; };
		A4C3B98E1FDD43EC008AB90D /* ViewController.swift */ = {isa = PBXFileReference; lastKnownFileType = sourcecode.swift; path = ViewController.swift; sourceTree = "<group>"; };
		A4C3B9911FDD43EC008AB90D /* Base */ = {isa = PBXFileReference; lastKnownFileType = file.storyboard; name = Base; path = Base.lproj/Main.storyboard; sourceTree = "<group>"; };
		A4C3B9931FDD43EC008AB90D /* Assets.xcassets */ = {isa = PBXFileReference; lastKnownFileType = folder.assetcatalog; path = Assets.xcassets; sourceTree = "<group>"; };
		A4C3B9961FDD43EC008AB90D /* Base */ = {isa = PBXFileReference; lastKnownFileType = file.storyboard; name = Base; path = Base.lproj/LaunchScreen.storyboard; sourceTree = "<group>"; };
		A4C3B9981FDD43EC008AB90D /* Info.plist */ = {isa = PBXFileReference; lastKnownFileType = text.plist.xml; path = Info.plist; sourceTree = "<group>"; };
		A4C3B99E1FDD44F8008AB90D /* ATEmotionView.swift */ = {isa = PBXFileReference; lastKnownFileType = sourcecode.swift; path = ATEmotionView.swift; sourceTree = "<group>"; };
		A4C3B9A11FDD57C2008AB90D /* ATEmotionViewSettings.swift */ = {isa = PBXFileReference; lastKnownFileType = sourcecode.swift; path = ATEmotionViewSettings.swift; sourceTree = "<group>"; };
		A4C3B9A31FDD5B41008AB90D /* ATEmotionSettings.swift */ = {isa = PBXFileReference; lastKnownFileType = sourcecode.swift; path = ATEmotionSettings.swift; sourceTree = "<group>"; };
		A4C3B9A51FDD7AD8008AB90D /* Rect+Extension.swift */ = {isa = PBXFileReference; lastKnownFileType = sourcecode.swift; path = "Rect+Extension.swift"; sourceTree = "<group>"; };
/* End PBXFileReference section */

/* Begin PBXFrameworksBuildPhase section */
		A4C3B9861FDD43EC008AB90D /* Frameworks */ = {
			isa = PBXFrameworksBuildPhase;
			buildActionMask = 2147483647;
			files = (
			);
			runOnlyForDeploymentPostprocessing = 0;
		};
/* End PBXFrameworksBuildPhase section */

/* Begin PBXGroup section */
		A44F69AD1FE92AC6004660A6 /* UIKit+Extension */ = {
			isa = PBXGroup;
			children = (
				A446C7891FEB801700BC9CC9 /* UIImage+Kinetic.swift */,
				A44F69EF1FE94464004660A6 /* UITextField+Kinetic.swift */,
			);
			path = "UIKit+Extension";
			sourceTree = "<group>";
		};
		A45DA5F51FE9F40C00283D1D /* Foundation+Extension */ = {
			isa = PBXGroup;
			children = (
				A45DA5F71FE9F48000283D1D /* NSString+Kinetic.swift */,
				A4228E901FEA078900F28775 /* String+Kinetic.swift */,
			);
			path = "Foundation+Extension";
			sourceTree = "<group>";
		};
		A45DA5F61FE9F44D00283D1D /* Kinetic */ = {
			isa = PBXGroup;
			children = (
				A44F69EE1FE94464004660A6 /* Kinetic.swift */,
				A45DA5F51FE9F40C00283D1D /* Foundation+Extension */,
				A44F69AD1FE92AC6004660A6 /* UIKit+Extension */,
			);
			path = Kinetic;
			sourceTree = "<group>";
		};
		A4C3B9801FDD43EC008AB90D = {
			isa = PBXGroup;
			children = (
				A4C3B98B1FDD43EC008AB90D /* EmoticonDemo */,
				A4C3B98A1FDD43EC008AB90D /* Products */,
			);
			sourceTree = "<group>";
		};
		A4C3B98A1FDD43EC008AB90D /* Products */ = {
			isa = PBXGroup;
			children = (
				A4C3B9891FDD43EC008AB90D /* EmoticonDemo.app */,
			);
			name = Products;
			sourceTree = "<group>";
		};
		A4C3B98B1FDD43EC008AB90D /* EmoticonDemo */ = {
			isa = PBXGroup;
			children = (
				A45DA5F61FE9F44D00283D1D /* Kinetic */,
				A4C3B98C1FDD43EC008AB90D /* AppDelegate.swift */,
				A4C3B98E1FDD43EC008AB90D /* ViewController.swift */,
				A4C3B99E1FDD44F8008AB90D /* ATEmotionView.swift */,
				A41B0B5D1FE60A2E006C820A /* ATEmotionManager.swift */,
				A4A905F71FEB5B9A007C358A /* StoreEmotionManager.swift */,
				A4C3B9A51FDD7AD8008AB90D /* Rect+Extension.swift */,
				A4C3B9A01FDD5789008AB90D /* Protocol */,
				A4C3B9901FDD43EC008AB90D /* Main.storyboard */,
				A4228ECC1FEA56C700F28775 /* EmotionsStore.bundle */,
				A41B0B5B1FE41BEB006C820A /* QMUI_QQEmotion.bundle */,
				A4C3B9931FDD43EC008AB90D /* Assets.xcassets */,
				A4C3B9951FDD43EC008AB90D /* LaunchScreen.storyboard */,
				A4C3B9981FDD43EC008AB90D /* Info.plist */,
			);
			path = EmoticonDemo;
			sourceTree = "<group>";
		};
		A4C3B9A01FDD5789008AB90D /* Protocol */ = {
			isa = PBXGroup;
			children = (
				A4C3B9A11FDD57C2008AB90D /* ATEmotionViewSettings.swift */,
				A4C3B9A31FDD5B41008AB90D /* ATEmotionSettings.swift */,
			);
			path = Protocol;
			sourceTree = "<group>";
		};
/* End PBXGroup section */

/* Begin PBXNativeTarget section */
		A4C3B9881FDD43EC008AB90D /* EmoticonDemo */ = {
			isa = PBXNativeTarget;
			buildConfigurationList = A4C3B99B1FDD43EC008AB90D /* Build configuration list for PBXNativeTarget "EmoticonDemo" */;
			buildPhases = (
				A4C3B9851FDD43EC008AB90D /* Sources */,
				A4C3B9861FDD43EC008AB90D /* Frameworks */,
				A4C3B9871FDD43EC008AB90D /* Resources */,
			);
			buildRules = (
			);
			dependencies = (
			);
			name = EmoticonDemo;
			productName = EmoticonDemo;
			productReference = A4C3B9891FDD43EC008AB90D /* EmoticonDemo.app */;
			productType = "com.apple.product-type.application";
		};
/* End PBXNativeTarget section */

/* Begin PBXProject section */
		A4C3B9811FDD43EC008AB90D /* Project object */ = {
			isa = PBXProject;
			attributes = {
				LastSwiftUpdateCheck = 0900;
				LastUpgradeCheck = 0900;
				ORGANIZATIONNAME = "yakang wang";
				TargetAttributes = {
					A4C3B9881FDD43EC008AB90D = {
						CreatedOnToolsVersion = 9.0;
						ProvisioningStyle = Automatic;
					};
				};
			};
			buildConfigurationList = A4C3B9841FDD43EC008AB90D /* Build configuration list for PBXProject "EmoticonDemo" */;
			compatibilityVersion = "Xcode 8.0";
			developmentRegion = en;
			hasScannedForEncodings = 0;
			knownRegions = (
				en,
				Base,
			);
			mainGroup = A4C3B9801FDD43EC008AB90D;
			productRefGroup = A4C3B98A1FDD43EC008AB90D /* Products */;
			projectDirPath = "";
			projectRoot = "";
			targets = (
				A4C3B9881FDD43EC008AB90D /* EmoticonDemo */,
			);
		};
/* End PBXProject section */

/* Begin PBXResourcesBuildPhase section */
		A4C3B9871FDD43EC008AB90D /* Resources */ = {
			isa = PBXResourcesBuildPhase;
			buildActionMask = 2147483647;
			files = (
				A446C78B1FEB8CDA00BC9CC9 /* EmotionsStore.bundle in Resources */,
				A41B0B5F1FE6999B006C820A /* QMUI_QQEmotion.bundle in Resources */,
				A4C3B9971FDD43EC008AB90D /* LaunchScreen.storyboard in Resources */,
				A4C3B9941FDD43EC008AB90D /* Assets.xcassets in Resources */,
				A4C3B9921FDD43EC008AB90D /* Main.storyboard in Resources */,
			);
			runOnlyForDeploymentPostprocessing = 0;
		};
/* End PBXResourcesBuildPhase section */

/* Begin PBXSourcesBuildPhase section */
		A4C3B9851FDD43EC008AB90D /* Sources */ = {
			isa = PBXSourcesBuildPhase;
			buildActionMask = 2147483647;
			files = (
				A44F69F01FE94586004660A6 /* Kinetic.swift in Sources */,
				A44F69F11FE94586004660A6 /* UITextField+Kinetic.swift in Sources */,
				A4228E911FEA078900F28775 /* String+Kinetic.swift in Sources */,
				A4C3B98F1FDD43EC008AB90D /* ViewController.swift in Sources */,
				A41B0B5E1FE60A2E006C820A /* ATEmotionManager.swift in Sources */,
				A4C3B98D1FDD43EC008AB90D /* AppDelegate.swift in Sources */,
				A4C3B9A41FDD5B41008AB90D /* ATEmotionSettings.swift in Sources */,
				A4C3B9A61FDD7AD8008AB90D /* Rect+Extension.swift in Sources */,
				A45DA5F81FE9F48000283D1D /* NSString+Kinetic.swift in Sources */,
				A4C3B9A21FDD57C2008AB90D /* ATEmotionViewSettings.swift in Sources */,
				A4C3B99F1FDD44F8008AB90D /* ATEmotionView.swift in Sources */,
				A446C78A1FEB801700BC9CC9 /* UIImage+Kinetic.swift in Sources */,
				A4A905F81FEB5B9B007C358A /* StoreEmotionManager.swift in Sources */,
			);
			runOnlyForDeploymentPostprocessing = 0;
		};
/* End PBXSourcesBuildPhase section */

/* Begin PBXVariantGroup section */
		A4C3B9901FDD43EC008AB90D /* Main.storyboard */ = {
			isa = PBXVariantGroup;
			children = (
				A4C3B9911FDD43EC008AB90D /* Base */,
			);
			name = Main.storyboard;
			sourceTree = "<group>";
		};
		A4C3B9951FDD43EC008AB90D /* LaunchScreen.storyboard */ = {
			isa = PBXVariantGroup;
			children = (
				A4C3B9961FDD43EC008AB90D /* Base */,
			);
			name = LaunchScreen.storyboard;
			sourceTree = "<group>";
		};
/* End PBXVariantGroup section */

/* Begin XCBuildConfiguration section */
		A4C3B9991FDD43EC008AB90D /* Debug */ = {
			isa = XCBuildConfiguration;
			buildSettings = {
				ALWAYS_SEARCH_USER_PATHS = NO;
				CLANG_ANALYZER_NONNULL = YES;
				CLANG_ANALYZER_NUMBER_OBJECT_CONVERSION = YES_AGGRESSIVE;
				CLANG_CXX_LANGUAGE_STANDARD = "gnu++14";
				CLANG_CXX_LIBRARY = "libc++";
				CLANG_ENABLE_MODULES = YES;
				CLANG_ENABLE_OBJC_ARC = YES;
				CLANG_WARN_BLOCK_CAPTURE_AUTORELEASING = YES;
				CLANG_WARN_BOOL_CONVERSION = YES;
				CLANG_WARN_COMMA = YES;
				CLANG_WARN_CONSTANT_CONVERSION = YES;
				CLANG_WARN_DIRECT_OBJC_ISA_USAGE = YES_ERROR;
				CLANG_WARN_DOCUMENTATION_COMMENTS = YES;
				CLANG_WARN_EMPTY_BODY = YES;
				CLANG_WARN_ENUM_CONVERSION = YES;
				CLANG_WARN_INFINITE_RECURSION = YES;
				CLANG_WARN_INT_CONVERSION = YES;
				CLANG_WARN_NON_LITERAL_NULL_CONVERSION = YES;
				CLANG_WARN_OBJC_LITERAL_CONVERSION = YES;
				CLANG_WARN_OBJC_ROOT_CLASS = YES_ERROR;
				CLANG_WARN_RANGE_LOOP_ANALYSIS = YES;
				CLANG_WARN_STRICT_PROTOTYPES = YES;
				CLANG_WARN_SUSPICIOUS_MOVE = YES;
				CLANG_WARN_UNGUARDED_AVAILABILITY = YES_AGGRESSIVE;
				CLANG_WARN_UNREACHABLE_CODE = YES;
				CLANG_WARN__DUPLICATE_METHOD_MATCH = YES;
				CODE_SIGN_IDENTITY = "iPhone Developer";
				COPY_PHASE_STRIP = NO;
				DEBUG_INFORMATION_FORMAT = dwarf;
				ENABLE_STRICT_OBJC_MSGSEND = YES;
				ENABLE_TESTABILITY = YES;
				GCC_C_LANGUAGE_STANDARD = gnu11;
				GCC_DYNAMIC_NO_PIC = NO;
				GCC_NO_COMMON_BLOCKS = YES;
				GCC_OPTIMIZATION_LEVEL = 0;
				GCC_PREPROCESSOR_DEFINITIONS = (
					"DEBUG=1",
					"$(inherited)",
				);
				GCC_WARN_64_TO_32_BIT_CONVERSION = YES;
				GCC_WARN_ABOUT_RETURN_TYPE = YES_ERROR;
				GCC_WARN_UNDECLARED_SELECTOR = YES;
				GCC_WARN_UNINITIALIZED_AUTOS = YES_AGGRESSIVE;
				GCC_WARN_UNUSED_FUNCTION = YES;
				GCC_WARN_UNUSED_VARIABLE = YES;
				IPHONEOS_DEPLOYMENT_TARGET = 8.0;
				MTL_ENABLE_DEBUG_INFO = YES;
				ONLY_ACTIVE_ARCH = YES;
				SDKROOT = iphoneos;
				SWIFT_ACTIVE_COMPILATION_CONDITIONS = DEBUG;
				SWIFT_OPTIMIZATION_LEVEL = "-Onone";
			};
			name = Debug;
		};
		A4C3B99A1FDD43EC008AB90D /* Release */ = {
			isa = XCBuildConfiguration;
			buildSettings = {
				ALWAYS_SEARCH_USER_PATHS = NO;
				CLANG_ANALYZER_NONNULL = YES;
				CLANG_ANALYZER_NUMBER_OBJECT_CONVERSION = YES_AGGRESSIVE;
				CLANG_CXX_LANGUAGE_STANDARD = "gnu++14";
				CLANG_CXX_LIBRARY = "libc++";
				CLANG_ENABLE_MODULES = YES;
				CLANG_ENABLE_OBJC_ARC = YES;
				CLANG_WARN_BLOCK_CAPTURE_AUTORELEASING = YES;
				CLANG_WARN_BOOL_CONVERSION = YES;
				CLANG_WARN_COMMA = YES;
				CLANG_WARN_CONSTANT_CONVERSION = YES;
				CLANG_WARN_DIRECT_OBJC_ISA_USAGE = YES_ERROR;
				CLANG_WARN_DOCUMENTATION_COMMENTS = YES;
				CLANG_WARN_EMPTY_BODY = YES;
				CLANG_WARN_ENUM_CONVERSION = YES;
				CLANG_WARN_INFINITE_RECURSION = YES;
				CLANG_WARN_INT_CONVERSION = YES;
				CLANG_WARN_NON_LITERAL_NULL_CONVERSION = YES;
				CLANG_WARN_OBJC_LITERAL_CONVERSION = YES;
				CLANG_WARN_OBJC_ROOT_CLASS = YES_ERROR;
				CLANG_WARN_RANGE_LOOP_ANALYSIS = YES;
				CLANG_WARN_STRICT_PROTOTYPES = YES;
				CLANG_WARN_SUSPICIOUS_MOVE = YES;
				CLANG_WARN_UNGUARDED_AVAILABILITY = YES_AGGRESSIVE;
				CLANG_WARN_UNREACHABLE_CODE = YES;
				CLANG_WARN__DUPLICATE_METHOD_MATCH = YES;
				CODE_SIGN_IDENTITY = "iPhone Developer";
				COPY_PHASE_STRIP = NO;
				DEBUG_INFORMATION_FORMAT = "dwarf-with-dsym";
				ENABLE_NS_ASSERTIONS = NO;
				ENABLE_STRICT_OBJC_MSGSEND = YES;
				GCC_C_LANGUAGE_STANDARD = gnu11;
				GCC_NO_COMMON_BLOCKS = YES;
				GCC_WARN_64_TO_32_BIT_CONVERSION = YES;
				GCC_WARN_ABOUT_RETURN_TYPE = YES_ERROR;
				GCC_WARN_UNDECLARED_SELECTOR = YES;
				GCC_WARN_UNINITIALIZED_AUTOS = YES_AGGRESSIVE;
				GCC_WARN_UNUSED_FUNCTION = YES;
				GCC_WARN_UNUSED_VARIABLE = YES;
				IPHONEOS_DEPLOYMENT_TARGET = 8.0;
				MTL_ENABLE_DEBUG_INFO = NO;
				SDKROOT = iphoneos;
				SWIFT_OPTIMIZATION_LEVEL = "-Owholemodule";
				VALIDATE_PRODUCT = YES;
			};
			name = Release;
		};
		A4C3B99C1FDD43EC008AB90D /* Debug */ = {
			isa = XCBuildConfiguration;
			buildSettings = {
				ASSETCATALOG_COMPILER_APPICON_NAME = AppIcon;
				CODE_SIGN_STYLE = Automatic;
				DEVELOPMENT_TEAM = UHKD6CZHH3;
				INFOPLIST_FILE = EmoticonDemo/Info.plist;
				LD_RUNPATH_SEARCH_PATHS = "$(inherited) @executable_path/Frameworks";
				PRODUCT_BUNDLE_IDENTIFIER = com.catxia.win.BugTD;
				PRODUCT_NAME = "$(TARGET_NAME)";
				SWIFT_VERSION = 3.0;
				TARGETED_DEVICE_FAMILY = "1,2";
			};
			name = Debug;
		};
		A4C3B99D1FDD43EC008AB90D /* Release */ = {
			isa = XCBuildConfiguration;
			buildSettings = {
				ASSETCATALOG_COMPILER_APPICON_NAME = AppIcon;
				CODE_SIGN_STYLE = Automatic;
				DEVELOPMENT_TEAM = UHKD6CZHH3;
				INFOPLIST_FILE = EmoticonDemo/Info.plist;
				LD_RUNPATH_SEARCH_PATHS = "$(inherited) @executable_path/Frameworks";
				PRODUCT_BUNDLE_IDENTIFIER = com.catxia.win.BugTD;
				PRODUCT_NAME = "$(TARGET_NAME)";
				SWIFT_VERSION = 3.0;
				TARGETED_DEVICE_FAMILY = "1,2";
			};
			name = Release;
		};
/* End XCBuildConfiguration section */

/* Begin XCConfigurationList section */
		A4C3B9841FDD43EC008AB90D /* Build configuration list for PBXProject "EmoticonDemo" */ = {
			isa = XCConfigurationList;
			buildConfigurations = (
				A4C3B9991FDD43EC008AB90D /* Debug */,
				A4C3B99A1FDD43EC008AB90D /* Release */,
			);
			defaultConfigurationIsVisible = 0;
			defaultConfigurationName = Release;
		};
		A4C3B99B1FDD43EC008AB90D /* Build configuration list for PBXNativeTarget "EmoticonDemo" */ = {
			isa = XCConfigurationList;
			buildConfigurations = (
				A4C3B99C1FDD43EC008AB90D /* Debug */,
				A4C3B99D1FDD43EC008AB90D /* Release */,
			);
			defaultConfigurationIsVisible = 0;
			defaultConfigurationName = Release;
		};
/* End XCConfigurationList section */
	};
	rootObject = A4C3B9811FDD43EC008AB90D /* Project object */;
}
